
Microsoft Visual Studio Solution File, Format Version 12.00
# Visual Studio Version 17
VisualStudioVersion = 17.11.35222.181
MinimumVisualStudioVersion = 10.0.40219.1
Project("{FAE04EC0-301F-11D3-BF4B-00C04F79EFBC}") = "GenericClassAndMethod", "GenericClassAndMethod\GenericClassAndMethod.csproj", "{1E5F90FE-B18A-4200-B78B-A15B81E9E90F}"
EndProject
Global
	GlobalSection(SolutionConfigurationPlatforms) = preSolution
		Debug|Any CPU = Debug|Any CPU
		Release|Any CPU = Release|Any CPU
	EndGlobalSection
	GlobalSection(ProjectConfigurationPlatforms) = postSolution
		{1E5F90FE-B18A-4200-B78B-A15B81E9E90F}.Debug|Any CPU.ActiveCfg = Debug|Any CPU
		{1E5F90FE-B18A-4200-B78B-A15B81E9E90F}.Debug|Any CPU.Build.0 = Debug|Any CPU
		{1E5F90FE-B18A-4200-B78B-A15B81E9E90F}.Release|Any CPU.ActiveCfg = Release|Any CPU
		{1E5F90FE-B18A-4200-B78B-A15B81E9E90F}.Release|Any CPU.Build.0 = Release|Any CPU
	EndGlobalSection
	GlobalSection(SolutionProperties) = preSolution
		HideSolutionNode = FALSE
	EndGlobalSection
	GlobalSection(ExtensibilityGlobals) = postSolution
		SolutionGuid = {7F62FEB5-BE9D-47CF-A82B-5AF88BD9F14B}
	EndGlobalSection
EndGlobal
